lockfileVersion: 5.3

specifiers:
  zeed: ^0.5.12
  zerva: file:../..

dependencies:
  zeed: 0.5.12
  zerva: link:../..

packages:

  /tslib/2.3.0:
    resolution: {integrity: sha512-N82ooyxVNm6h1riLCoyS9e3fuJ3AMG2zIZs2Gd1ATcSFjSA23Q0fzjjZeh0jbJvWVDZ0cJT8yaNNaaXHzueNjg==}
    dev: false

  /zeed/0.5.12:
    resolution: {integrity: sha512-Oawdn9UZOrJIxR20wUfw4LKIW3I8g/W7jAZlHi8pja2WAD2gYLrUNyjPqE0udjTMxi/Ej5/Vgs307Obanxoq8Q==}
    engines: {node: '>=14.13.1'}
    dependencies:
      tslib: 2.3.0
    dev: false
